{
  "name": "npmex",
  "version": "1.0.0",
  "lockfileVersion": 2,
  "requires": true,
  "packages": {
    "": {
      "version": "1.0.0",
      "license": "ISC"
    },
    "../my-node-cli": {
      "name": "la",
      "version": "1.0.2",
      "extraneous": true,
      "license": "ISC",
      "devDependencies": {
        "react": "^17.0.2"
      }
    }
  }
}
